
Microsoft Visual Studio Solution File, Format Version 12.00
# Visual Studio Version 17
VisualStudioVersion = 17.3.32825.248
MinimumVisualStudioVersion = 10.0.40219.1
Project("{FAE04EC0-301F-11D3-BF4B-00C04F79EFBC}") = "Assignment1", "Assignment1\Assignment1.csproj", "{4ED5C018-8228-4049-9ED3-DDF25E7CAF9B}"
EndProject
Project("{FAE04EC0-301F-11D3-BF4B-00C04F79EFBC}") = "Assignment1Tests", "Assignment1Tests\Assignment1Tests.csproj", "{B4EAEF2D-5BE2-4C36-BB67-215CA97274E6}"
EndProject
Global
	GlobalSection(SolutionConfigurationPlatforms) = preSolution
		Debug|Any CPU = Debug|Any CPU
		Release|Any CPU = Release|Any CPU
	EndGlobalSection
	GlobalSection(ProjectConfigurationPlatforms) = postSolution
		{4ED5C018-8228-4049-9ED3-DDF25E7CAF9B}.Debug|Any CPU.ActiveCfg = Debug|Any CPU
		{4ED5C018-8228-4049-9ED3-DDF25E7CAF9B}.Debug|Any CPU.Build.0 = Debug|Any CPU
		{4ED5C018-8228-4049-9ED3-DDF25E7CAF9B}.Release|Any CPU.ActiveCfg = Release|Any CPU
		{4ED5C018-8228-4049-9ED3-DDF25E7CAF9B}.Release|Any CPU.Build.0 = Release|Any CPU
		{B4EAEF2D-5BE2-4C36-BB67-215CA97274E6}.Debug|Any CPU.ActiveCfg = Debug|Any CPU
		{B4EAEF2D-5BE2-4C36-BB67-215CA97274E6}.Debug|Any CPU.Build.0 = Debug|Any CPU
		{B4EAEF2D-5BE2-4C36-BB67-215CA97274E6}.Release|Any CPU.ActiveCfg = Release|Any CPU
		{B4EAEF2D-5BE2-4C36-BB67-215CA97274E6}.Release|Any CPU.Build.0 = Release|Any CPU
	EndGlobalSection
	GlobalSection(SolutionProperties) = preSolution
		HideSolutionNode = FALSE
	EndGlobalSection
	GlobalSection(ExtensibilityGlobals) = postSolution
		SolutionGuid = {3D17D99A-7D7E-4040-B09C-6913E72A669F}
	EndGlobalSection
EndGlobal
